
Microsoft Visual Studio Solution File, Format Version 12.00
# Visual Studio Version 16
VisualStudioVersion = 16.0.30011.22
MinimumVisualStudioVersion = 10.0.40219.1
Project("{FAE04EC0-301F-11D3-BF4B-00C04F79EFBC}") = "AsyncInn", "AsyncInn\AsyncInn.csproj", "{49D108CF-23A7-4C53-9E60-387D60EF5DF5}"
EndProject
Project("{FAE04EC0-301F-11D3-BF4B-00C04F79EFBC}") = "AsyncInn.Test", "AsyncInn.Test\AsyncInn.Test.csproj", "{21588C29-8E1C-4FA3-BCFC-98EBD0FC5E3F}"
EndProject
Global
	GlobalSection(SolutionConfigurationPlatforms) = preSolution
		Debug|Any CPU = Debug|Any CPU
		Release|Any CPU = Release|Any CPU
	EndGlobalSection
	GlobalSection(ProjectConfigurationPlatforms) = postSolution
		{49D108CF-23A7-4C53-9E60-387D60EF5DF5}.Debug|Any CPU.ActiveCfg = Debug|Any CPU
		{49D108CF-23A7-4C53-9E60-387D60EF5DF5}.Debug|Any CPU.Build.0 = Debug|Any CPU
		{49D108CF-23A7-4C53-9E60-387D60EF5DF5}.Release|Any CPU.ActiveCfg = Release|Any CPU
		{49D108CF-23A7-4C53-9E60-387D60EF5DF5}.Release|Any CPU.Build.0 = Release|Any CPU
		{21588C29-8E1C-4FA3-BCFC-98EBD0FC5E3F}.Debug|Any CPU.ActiveCfg = Debug|Any CPU
		{21588C29-8E1C-4FA3-BCFC-98EBD0FC5E3F}.Debug|Any CPU.Build.0 = Debug|Any CPU
		{21588C29-8E1C-4FA3-BCFC-98EBD0FC5E3F}.Release|Any CPU.ActiveCfg = Release|Any CPU
		{21588C29-8E1C-4FA3-BCFC-98EBD0FC5E3F}.Release|Any CPU.Build.0 = Release|Any CPU
	EndGlobalSection
	GlobalSection(SolutionProperties) = preSolution
		HideSolutionNode = FALSE
	EndGlobalSection
	GlobalSection(ExtensibilityGlobals) = postSolution
		SolutionGuid = {C13B665C-23D1-4051-8CE8-FD490ED4EB14}
	EndGlobalSection
EndGlobal
